
Microsoft Visual Studio Solution File, Format Version 12.00
Project("{FAE04EC0-301F-11D3-BF4B-00C04F79EFBC}") = "BasicPlatform.Domain", "BasicPlatform.Domain\BasicPlatform.Domain.csproj", "{817B2943-41BD-4487-A223-9C9742286602}"
EndProject
Project("{FAE04EC0-301F-11D3-BF4B-00C04F79EFBC}") = "BasicPlatform.Infrastructure", "BasicPlatform.Infrastructure\BasicPlatform.Infrastructure.csproj", "{1BBB0C5C-11AA-46E8-999B-E3BAA4E329B9}"
EndProject
Project("{FAE04EC0-301F-11D3-BF4B-00C04F79EFBC}") = "BasicPlatform.AppService", "BasicPlatform.AppService\BasicPlatform.AppService.csproj", "{624305E1-D56C-4BB7-A6C2-D6EFA6E75DB1}"
EndProject
Project("{FAE04EC0-301F-11D3-BF4B-00C04F79EFBC}") = "BasicPlatform.AppService.FreeSql", "BasicPlatform.AppService.FreeSql\BasicPlatform.AppService.FreeSql.csproj", "{5C1F489A-1F7C-4770-B851-BC46D97E1FF2}"
EndProject
Project("{FAE04EC0-301F-11D3-BF4B-00C04F79EFBC}") = "BasicPlatform.WebAPI", "BasicPlatform.WebAPI\BasicPlatform.WebAPI.csproj", "{7C817800-DE13-4422-A25B-36BE87E0367F}"
EndProject
Project("{FAE04EC0-301F-11D3-BF4B-00C04F79EFBC}") = "BasicPlatform.Gateway", "BasicPlatform.Gateway\BasicPlatform.Gateway.csproj", "{7662438D-E02D-4E39-8A24-F0E2F4BA5E8D}"
EndProject
Project("{FAE04EC0-301F-11D3-BF4B-00C04F79EFBC}") = "BasicPlatform.Test", "BasicPlatform.Test\BasicPlatform.Test.csproj", "{67CE96A3-8D18-4867-B51C-6E596D03041B}"
EndProject
Project("{FAE04EC0-301F-11D3-BF4B-00C04F79EFBC}") = "BasicPlatform.IntegratedEventHandler", "BasicPlatform.IntegratedEventHandler\BasicPlatform.IntegratedEventHandler.csproj", "{EBF10A81-1386-409E-B16E-2C8B730FB599}"
EndProject
Project("{2150E333-8FDC-42A3-9474-1A3956D46DE8}") = "Hosts", "Hosts", "{47DB6CE9-CF13-4181-9ABD-4B9C9BA33E7F}"
EndProject
Project("{2150E333-8FDC-42A3-9474-1A3956D46DE8}") = "Scripts", "Scripts", "{B96F977C-C906-4BEB-B499-27DD505074D5}"
	ProjectSection(SolutionItems) = preProject
		Makefile = Makefile
		build.py = build.py
	EndProjectSection
EndProject
Project("{FAE04EC0-301F-11D3-BF4B-00C04F79EFBC}") = "BasicPlatform.Demo", "BasicPlatform.Demo\BasicPlatform.Demo.csproj", "{E20ED886-CF7A-41B1-A41C-81F86CC3CDD8}"
EndProject
Project("{2150E333-8FDC-42A3-9474-1A3956D46DE8}") = "Apps", "Apps", "{BCAA5C73-2019-47A1-85AE-3C695629283D}"
EndProject
Project("{2150E333-8FDC-42A3-9474-1A3956D46DE8}") = "Main", "Main", "{87E3277E-1258-49F7-824B-93145F14BDAA}"
EndProject
Project("{2150E333-8FDC-42A3-9474-1A3956D46DE8}") = "CMS", "CMS", "{1F0757CB-E2B4-456D-8997-6B52EFC6C54A}"
EndProject
Project("{2150E333-8FDC-42A3-9474-1A3956D46DE8}") = "CRM", "CRM", "{CA7FD963-381B-4D75-9A3F-DA80923FCBE3}"
EndProject
Project("{FAE04EC0-301F-11D3-BF4B-00C04F79EFBC}") = "CMS.Domain", "Apps\CMS\CMS.Domain\CMS.Domain.csproj", "{31C6CBC4-16B3-410F-B779-03D7702A8499}"
EndProject
Project("{FAE04EC0-301F-11D3-BF4B-00C04F79EFBC}") = "CMS.AppService", "Apps\CMS\CMS.AppService\CMS.AppService.csproj", "{696F2BBA-261A-4F2D-B0A2-6F646F1E3048}"
EndProject
Project("{FAE04EC0-301F-11D3-BF4B-00C04F79EFBC}") = "CMS.AppService.FreeSql", "Apps\CMS\CMS.AppService.FreeSql\CMS.AppService.FreeSql.csproj", "{081DC577-E832-463C-B80E-540939BDF89C}"
EndProject
Project("{2150E333-8FDC-42A3-9474-1A3956D46DE8}") = "Hosts", "Hosts", "{B6B5CAF8-ACF0-4BF2-A245-A36EFF6E8795}"
EndProject
Project("{FAE04EC0-301F-11D3-BF4B-00C04F79EFBC}") = "CMS.WebAPI", "Apps\CMS\CMS.WebAPI\CMS.WebAPI.csproj", "{419CC0C0-F903-4612-B460-EBF37D1C2B7F}"
EndProject
Project("{FAE04EC0-301F-11D3-BF4B-00C04F79EFBC}") = "App.Infrastructure", "Apps\App.Infrastructure\App.Infrastructure.csproj", "{413D14F5-7298-4DCF-A1E6-ACC8F3159357}"
EndProject
Project("{2150E333-8FDC-42A3-9474-1A3956D46DE8}") = "1.Hosts", "1.Hosts", "{418B814C-B528-470C-AC27-9D17A6DED7D8}"
EndProject
Project("{2150E333-8FDC-42A3-9474-1A3956D46DE8}") = "2.Commands", "2.Commands", "{FEA1BF1D-C9BB-4A0F-9968-56C5080F4172}"
EndProject
Project("{2150E333-8FDC-42A3-9474-1A3956D46DE8}") = "3.Domains", "3.Domains", "{9F08E4C0-9CBD-4BA6-A637-D73768E62446}"
EndProject
Project("{2150E333-8FDC-42A3-9474-1A3956D46DE8}") = "5.QueryServices", "5.QueryServices", "{89107EDA-3F23-4E94-9231-461F9A11541D}"
EndProject
Project("{FAE04EC0-301F-11D3-BF4B-00C04F79EFBC}") = "CRM.Domain", "Apps\CRM\CRM.Domain\CRM.Domain.csproj", "{ADBFFF31-023B-4C13-82CE-94E88A3681AB}"
EndProject
Project("{FAE04EC0-301F-11D3-BF4B-00C04F79EFBC}") = "CRM.Commands", "Apps\CRM\CRM.Commands\CRM.Commands.csproj", "{AE246BAE-0159-4105-B195-1DB122E14E64}"
EndProject
Project("{FAE04EC0-301F-11D3-BF4B-00C04F79EFBC}") = "CRM.CommandHandlers.FreeSql", "Apps\CRM\CRM.CommandHandlers.FreeSql\CRM.CommandHandlers.FreeSql.csproj", "{59C70FD3-B30C-4451-B892-2888DFAEF0A7}"
EndProject
Project("{FAE04EC0-301F-11D3-BF4B-00C04F79EFBC}") = "CRM.WebAPI", "Apps\CRM\CRM.WebAPI\CRM.WebAPI.csproj", "{45F4053C-5579-442B-BE82-3FBB8F148E7C}"
EndProject
Project("{FAE04EC0-301F-11D3-BF4B-00C04F79EFBC}") = "CRM.QueryServices", "Apps\CRM\CRM.QueryServices\CRM.QueryServices.csproj", "{3700FD9C-7434-4375-8E9B-026610FCAB92}"
EndProject
Project("{FAE04EC0-301F-11D3-BF4B-00C04F79EFBC}") = "CRM.QueryServices.FreeSql", "Apps\CRM\CRM.QueryServices.FreeSql\CRM.QueryServices.FreeSql.csproj", "{14A90881-5DAF-4BB0-95BD-E9FDC0D8454D}"
EndProject
Project("{FAE04EC0-301F-11D3-BF4B-00C04F79EFBC}") = "CRM.DomainEventHandlers.FreeSql", "Apps\CRM\CRM.DomainEventHandlers.FreeSql\CRM.DomainEventHandlers.FreeSql.csproj", "{DA8DDD19-7D6C-4481-B43C-3084D9C5E69A}"
EndProject
Project("{2150E333-8FDC-42A3-9474-1A3956D46DE8}") = "4.Integrations", "4.Integrations", "{5DCCB6AB-FB3D-4F10-A960-95824A407432}"
EndProject
Project("{FAE04EC0-301F-11D3-BF4B-00C04F79EFBC}") = "CRM.ProcessManagers", "Apps\CRM\CRM.ProcessManagers\CRM.ProcessManagers.csproj", "{045C7F84-0E76-4285-9876-02EB30113950}"
EndProject
Project("{FAE04EC0-301F-11D3-BF4B-00C04F79EFBC}") = "CMS.IntegratedEventHandler", "Apps\CMS\CMS.IntegratedEventHandler\CMS.IntegratedEventHandler.csproj", "{D9D564F7-9868-45AA-97A9-DE7F99AED0BB}"
EndProject
Global
	GlobalSection(SolutionConfigurationPlatforms) = preSolution
		Debug|Any CPU = Debug|Any CPU
		Release|Any CPU = Release|Any CPU
	EndGlobalSection
	GlobalSection(ProjectConfigurationPlatforms) = postSolution
		{817B2943-41BD-4487-A223-9C9742286602}.Debug|Any CPU.ActiveCfg = Debug|Any CPU
		{817B2943-41BD-4487-A223-9C9742286602}.Debug|Any CPU.Build.0 = Debug|Any CPU
		{817B2943-41BD-4487-A223-9C9742286602}.Release|Any CPU.ActiveCfg = Release|Any CPU
		{817B2943-41BD-4487-A223-9C9742286602}.Release|Any CPU.Build.0 = Release|Any CPU
		{1BBB0C5C-11AA-46E8-999B-E3BAA4E329B9}.Debug|Any CPU.ActiveCfg = Debug|Any CPU
		{1BBB0C5C-11AA-46E8-999B-E3BAA4E329B9}.Debug|Any CPU.Build.0 = Debug|Any CPU
		{1BBB0C5C-11AA-46E8-999B-E3BAA4E329B9}.Release|Any CPU.ActiveCfg = Release|Any CPU
		{1BBB0C5C-11AA-46E8-999B-E3BAA4E329B9}.Release|Any CPU.Build.0 = Release|Any CPU
		{624305E1-D56C-4BB7-A6C2-D6EFA6E75DB1}.Debug|Any CPU.ActiveCfg = Debug|Any CPU
		{624305E1-D56C-4BB7-A6C2-D6EFA6E75DB1}.Debug|Any CPU.Build.0 = Debug|Any CPU
		{624305E1-D56C-4BB7-A6C2-D6EFA6E75DB1}.Release|Any CPU.ActiveCfg = Release|Any CPU
		{624305E1-D56C-4BB7-A6C2-D6EFA6E75DB1}.Release|Any CPU.Build.0 = Release|Any CPU
		{5C1F489A-1F7C-4770-B851-BC46D97E1FF2}.Debug|Any CPU.ActiveCfg = Debug|Any CPU
		{5C1F489A-1F7C-4770-B851-BC46D97E1FF2}.Debug|Any CPU.Build.0 = Debug|Any CPU
		{5C1F489A-1F7C-4770-B851-BC46D97E1FF2}.Release|Any CPU.ActiveCfg = Release|Any CPU
		{5C1F489A-1F7C-4770-B851-BC46D97E1FF2}.Release|Any CPU.Build.0 = Release|Any CPU
		{7C817800-DE13-4422-A25B-36BE87E0367F}.Debug|Any CPU.ActiveCfg = Debug|Any CPU
		{7C817800-DE13-4422-A25B-36BE87E0367F}.Debug|Any CPU.Build.0 = Debug|Any CPU
		{7C817800-DE13-4422-A25B-36BE87E0367F}.Release|Any CPU.ActiveCfg = Release|Any CPU
		{7C817800-DE13-4422-A25B-36BE87E0367F}.Release|Any CPU.Build.0 = Release|Any CPU
		{7662438D-E02D-4E39-8A24-F0E2F4BA5E8D}.Debug|Any CPU.ActiveCfg = Debug|Any CPU
		{7662438D-E02D-4E39-8A24-F0E2F4BA5E8D}.Debug|Any CPU.Build.0 = Debug|Any CPU
		{7662438D-E02D-4E39-8A24-F0E2F4BA5E8D}.Release|Any CPU.ActiveCfg = Release|Any CPU
		{7662438D-E02D-4E39-8A24-F0E2F4BA5E8D}.Release|Any CPU.Build.0 = Release|Any CPU
		{67CE96A3-8D18-4867-B51C-6E596D03041B}.Debug|Any CPU.ActiveCfg = Debug|Any CPU
		{67CE96A3-8D18-4867-B51C-6E596D03041B}.Debug|Any CPU.Build.0 = Debug|Any CPU
		{67CE96A3-8D18-4867-B51C-6E596D03041B}.Release|Any CPU.ActiveCfg = Release|Any CPU
		{67CE96A3-8D18-4867-B51C-6E596D03041B}.Release|Any CPU.Build.0 = Release|Any CPU
		{EBF10A81-1386-409E-B16E-2C8B730FB599}.Debug|Any CPU.ActiveCfg = Debug|Any CPU
		{EBF10A81-1386-409E-B16E-2C8B730FB599}.Debug|Any CPU.Build.0 = Debug|Any CPU
		{EBF10A81-1386-409E-B16E-2C8B730FB599}.Release|Any CPU.ActiveCfg = Release|Any CPU
		{EBF10A81-1386-409E-B16E-2C8B730FB599}.Release|Any CPU.Build.0 = Release|Any CPU
		{E20ED886-CF7A-41B1-A41C-81F86CC3CDD8}.Debug|Any CPU.ActiveCfg = Debug|Any CPU
		{E20ED886-CF7A-41B1-A41C-81F86CC3CDD8}.Debug|Any CPU.Build.0 = Debug|Any CPU
		{E20ED886-CF7A-41B1-A41C-81F86CC3CDD8}.Release|Any CPU.ActiveCfg = Release|Any CPU
		{E20ED886-CF7A-41B1-A41C-81F86CC3CDD8}.Release|Any CPU.Build.0 = Release|Any CPU
		{31C6CBC4-16B3-410F-B779-03D7702A8499}.Debug|Any CPU.ActiveCfg = Debug|Any CPU
		{31C6CBC4-16B3-410F-B779-03D7702A8499}.Debug|Any CPU.Build.0 = Debug|Any CPU
		{31C6CBC4-16B3-410F-B779-03D7702A8499}.Release|Any CPU.ActiveCfg = Release|Any CPU
		{31C6CBC4-16B3-410F-B779-03D7702A8499}.Release|Any CPU.Build.0 = Release|Any CPU
		{696F2BBA-261A-4F2D-B0A2-6F646F1E3048}.Debug|Any CPU.ActiveCfg = Debug|Any CPU
		{696F2BBA-261A-4F2D-B0A2-6F646F1E3048}.Debug|Any CPU.Build.0 = Debug|Any CPU
		{696F2BBA-261A-4F2D-B0A2-6F646F1E3048}.Release|Any CPU.ActiveCfg = Release|Any CPU
		{696F2BBA-261A-4F2D-B0A2-6F646F1E3048}.Release|Any CPU.Build.0 = Release|Any CPU
		{081DC577-E832-463C-B80E-540939BDF89C}.Debug|Any CPU.ActiveCfg = Debug|Any CPU
		{081DC577-E832-463C-B80E-540939BDF89C}.Debug|Any CPU.Build.0 = Debug|Any CPU
		{081DC577-E832-463C-B80E-540939BDF89C}.Release|Any CPU.ActiveCfg = Release|Any CPU
		{081DC577-E832-463C-B80E-540939BDF89C}.Release|Any CPU.Build.0 = Release|Any CPU
		{419CC0C0-F903-4612-B460-EBF37D1C2B7F}.Debug|Any CPU.ActiveCfg = Debug|Any CPU
		{419CC0C0-F903-4612-B460-EBF37D1C2B7F}.Debug|Any CPU.Build.0 = Debug|Any CPU
		{419CC0C0-F903-4612-B460-EBF37D1C2B7F}.Release|Any CPU.ActiveCfg = Release|Any CPU
		{419CC0C0-F903-4612-B460-EBF37D1C2B7F}.Release|Any CPU.Build.0 = Release|Any CPU
		{413D14F5-7298-4DCF-A1E6-ACC8F3159357}.Debug|Any CPU.ActiveCfg = Debug|Any CPU
		{413D14F5-7298-4DCF-A1E6-ACC8F3159357}.Debug|Any CPU.Build.0 = Debug|Any CPU
		{413D14F5-7298-4DCF-A1E6-ACC8F3159357}.Release|Any CPU.ActiveCfg = Release|Any CPU
		{413D14F5-7298-4DCF-A1E6-ACC8F3159357}.Release|Any CPU.Build.0 = Release|Any CPU
		{ADBFFF31-023B-4C13-82CE-94E88A3681AB}.Debug|Any CPU.ActiveCfg = Debug|Any CPU
		{ADBFFF31-023B-4C13-82CE-94E88A3681AB}.Debug|Any CPU.Build.0 = Debug|Any CPU
		{ADBFFF31-023B-4C13-82CE-94E88A3681AB}.Release|Any CPU.ActiveCfg = Release|Any CPU
		{ADBFFF31-023B-4C13-82CE-94E88A3681AB}.Release|Any CPU.Build.0 = Release|Any CPU
		{AE246BAE-0159-4105-B195-1DB122E14E64}.Debug|Any CPU.ActiveCfg = Debug|Any CPU
		{AE246BAE-0159-4105-B195-1DB122E14E64}.Debug|Any CPU.Build.0 = Debug|Any CPU
		{AE246BAE-0159-4105-B195-1DB122E14E64}.Release|Any CPU.ActiveCfg = Release|Any CPU
		{AE246BAE-0159-4105-B195-1DB122E14E64}.Release|Any CPU.Build.0 = Release|Any CPU
		{59C70FD3-B30C-4451-B892-2888DFAEF0A7}.Debug|Any CPU.ActiveCfg = Debug|Any CPU
		{59C70FD3-B30C-4451-B892-2888DFAEF0A7}.Debug|Any CPU.Build.0 = Debug|Any CPU
		{59C70FD3-B30C-4451-B892-2888DFAEF0A7}.Release|Any CPU.ActiveCfg = Release|Any CPU
		{59C70FD3-B30C-4451-B892-2888DFAEF0A7}.Release|Any CPU.Build.0 = Release|Any CPU
		{45F4053C-5579-442B-BE82-3FBB8F148E7C}.Debug|Any CPU.ActiveCfg = Debug|Any CPU
		{45F4053C-5579-442B-BE82-3FBB8F148E7C}.Debug|Any CPU.Build.0 = Debug|Any CPU
		{45F4053C-5579-442B-BE82-3FBB8F148E7C}.Release|Any CPU.ActiveCfg = Release|Any CPU
		{45F4053C-5579-442B-BE82-3FBB8F148E7C}.Release|Any CPU.Build.0 = Release|Any CPU
		{3700FD9C-7434-4375-8E9B-026610FCAB92}.Debug|Any CPU.ActiveCfg = Debug|Any CPU
		{3700FD9C-7434-4375-8E9B-026610FCAB92}.Debug|Any CPU.Build.0 = Debug|Any CPU
		{3700FD9C-7434-4375-8E9B-026610FCAB92}.Release|Any CPU.ActiveCfg = Release|Any CPU
		{3700FD9C-7434-4375-8E9B-026610FCAB92}.Release|Any CPU.Build.0 = Release|Any CPU
		{14A90881-5DAF-4BB0-95BD-E9FDC0D8454D}.Debug|Any CPU.ActiveCfg = Debug|Any CPU
		{14A90881-5DAF-4BB0-95BD-E9FDC0D8454D}.Debug|Any CPU.Build.0 = Debug|Any CPU
		{14A90881-5DAF-4BB0-95BD-E9FDC0D8454D}.Release|Any CPU.ActiveCfg = Release|Any CPU
		{14A90881-5DAF-4BB0-95BD-E9FDC0D8454D}.Release|Any CPU.Build.0 = Release|Any CPU
		{DA8DDD19-7D6C-4481-B43C-3084D9C5E69A}.Debug|Any CPU.ActiveCfg = Debug|Any CPU
		{DA8DDD19-7D6C-4481-B43C-3084D9C5E69A}.Debug|Any CPU.Build.0 = Debug|Any CPU
		{DA8DDD19-7D6C-4481-B43C-3084D9C5E69A}.Release|Any CPU.ActiveCfg = Release|Any CPU
		{DA8DDD19-7D6C-4481-B43C-3084D9C5E69A}.Release|Any CPU.Build.0 = Release|Any CPU
		{045C7F84-0E76-4285-9876-02EB30113950}.Debug|Any CPU.ActiveCfg = Debug|Any CPU
		{045C7F84-0E76-4285-9876-02EB30113950}.Debug|Any CPU.Build.0 = Debug|Any CPU
		{045C7F84-0E76-4285-9876-02EB30113950}.Release|Any CPU.ActiveCfg = Release|Any CPU
		{045C7F84-0E76-4285-9876-02EB30113950}.Release|Any CPU.Build.0 = Release|Any CPU
		{D9D564F7-9868-45AA-97A9-DE7F99AED0BB}.Debug|Any CPU.ActiveCfg = Debug|Any CPU
		{D9D564F7-9868-45AA-97A9-DE7F99AED0BB}.Debug|Any CPU.Build.0 = Debug|Any CPU
		{D9D564F7-9868-45AA-97A9-DE7F99AED0BB}.Release|Any CPU.ActiveCfg = Release|Any CPU
		{D9D564F7-9868-45AA-97A9-DE7F99AED0BB}.Release|Any CPU.Build.0 = Release|Any CPU
	EndGlobalSection
	GlobalSection(NestedProjects) = preSolution
		{7C817800-DE13-4422-A25B-36BE87E0367F} = {47DB6CE9-CF13-4181-9ABD-4B9C9BA33E7F}
		{67CE96A3-8D18-4867-B51C-6E596D03041B} = {47DB6CE9-CF13-4181-9ABD-4B9C9BA33E7F}
		{7662438D-E02D-4E39-8A24-F0E2F4BA5E8D} = {47DB6CE9-CF13-4181-9ABD-4B9C9BA33E7F}
		{E20ED886-CF7A-41B1-A41C-81F86CC3CDD8} = {47DB6CE9-CF13-4181-9ABD-4B9C9BA33E7F}
		{624305E1-D56C-4BB7-A6C2-D6EFA6E75DB1} = {87E3277E-1258-49F7-824B-93145F14BDAA}
		{5C1F489A-1F7C-4770-B851-BC46D97E1FF2} = {87E3277E-1258-49F7-824B-93145F14BDAA}
		{817B2943-41BD-4487-A223-9C9742286602} = {87E3277E-1258-49F7-824B-93145F14BDAA}
		{1BBB0C5C-11AA-46E8-999B-E3BAA4E329B9} = {87E3277E-1258-49F7-824B-93145F14BDAA}
		{EBF10A81-1386-409E-B16E-2C8B730FB599} = {87E3277E-1258-49F7-824B-93145F14BDAA}
		{47DB6CE9-CF13-4181-9ABD-4B9C9BA33E7F} = {87E3277E-1258-49F7-824B-93145F14BDAA}
		{1F0757CB-E2B4-456D-8997-6B52EFC6C54A} = {BCAA5C73-2019-47A1-85AE-3C695629283D}
		{CA7FD963-381B-4D75-9A3F-DA80923FCBE3} = {BCAA5C73-2019-47A1-85AE-3C695629283D}
		{31C6CBC4-16B3-410F-B779-03D7702A8499} = {1F0757CB-E2B4-456D-8997-6B52EFC6C54A}
		{696F2BBA-261A-4F2D-B0A2-6F646F1E3048} = {1F0757CB-E2B4-456D-8997-6B52EFC6C54A}
		{081DC577-E832-463C-B80E-540939BDF89C} = {1F0757CB-E2B4-456D-8997-6B52EFC6C54A}
		{B6B5CAF8-ACF0-4BF2-A245-A36EFF6E8795} = {1F0757CB-E2B4-456D-8997-6B52EFC6C54A}
		{419CC0C0-F903-4612-B460-EBF37D1C2B7F} = {B6B5CAF8-ACF0-4BF2-A245-A36EFF6E8795}
		{413D14F5-7298-4DCF-A1E6-ACC8F3159357} = {BCAA5C73-2019-47A1-85AE-3C695629283D}
		{418B814C-B528-470C-AC27-9D17A6DED7D8} = {CA7FD963-381B-4D75-9A3F-DA80923FCBE3}
		{FEA1BF1D-C9BB-4A0F-9968-56C5080F4172} = {CA7FD963-381B-4D75-9A3F-DA80923FCBE3}
		{9F08E4C0-9CBD-4BA6-A637-D73768E62446} = {CA7FD963-381B-4D75-9A3F-DA80923FCBE3}
		{89107EDA-3F23-4E94-9231-461F9A11541D} = {CA7FD963-381B-4D75-9A3F-DA80923FCBE3}
		{ADBFFF31-023B-4C13-82CE-94E88A3681AB} = {9F08E4C0-9CBD-4BA6-A637-D73768E62446}
		{AE246BAE-0159-4105-B195-1DB122E14E64} = {FEA1BF1D-C9BB-4A0F-9968-56C5080F4172}
		{59C70FD3-B30C-4451-B892-2888DFAEF0A7} = {FEA1BF1D-C9BB-4A0F-9968-56C5080F4172}
		{45F4053C-5579-442B-BE82-3FBB8F148E7C} = {418B814C-B528-470C-AC27-9D17A6DED7D8}
		{3700FD9C-7434-4375-8E9B-026610FCAB92} = {89107EDA-3F23-4E94-9231-461F9A11541D}
		{14A90881-5DAF-4BB0-95BD-E9FDC0D8454D} = {89107EDA-3F23-4E94-9231-461F9A11541D}
		{DA8DDD19-7D6C-4481-B43C-3084D9C5E69A} = {9F08E4C0-9CBD-4BA6-A637-D73768E62446}
		{5DCCB6AB-FB3D-4F10-A960-95824A407432} = {CA7FD963-381B-4D75-9A3F-DA80923FCBE3}
		{045C7F84-0E76-4285-9876-02EB30113950} = {5DCCB6AB-FB3D-4F10-A960-95824A407432}
		{D9D564F7-9868-45AA-97A9-DE7F99AED0BB} = {1F0757CB-E2B4-456D-8997-6B52EFC6C54A}
	EndGlobalSection
EndGlobal
